
Microsoft Visual Studio Solution File, Format Version 12.00
# Visual Studio Version 16
VisualStudioVersion = 16.0.31005.135
MinimumVisualStudioVersion = 10.0.40219.1
Project("{FAE04EC0-301F-11D3-BF4B-00C04F79EFBC}") = "NetCoreWebApplication2", "NetCoreWebApplication2\NetCoreWebApplication2.csproj", "{D34754E5-6428-4DFF-88B6-A8C97D9C9A4B}"
EndProject
Global
	GlobalSection(SolutionConfigurationPlatforms) = preSolution
		Debug|Any CPU = Debug|Any CPU
		Release|Any CPU = Release|Any CPU
	EndGlobalSection
	GlobalSection(ProjectConfigurationPlatforms) = postSolution
		{D34754E5-6428-4DFF-88B6-A8C97D9C9A4B}.Debug|Any CPU.ActiveCfg = Debug|Any CPU
		{D34754E5-6428-4DFF-88B6-A8C97D9C9A4B}.Debug|Any CPU.Build.0 = Debug|Any CPU
		{D34754E5-6428-4DFF-88B6-A8C97D9C9A4B}.Release|Any CPU.ActiveCfg = Release|Any CPU
		{D34754E5-6428-4DFF-88B6-A8C97D9C9A4B}.Release|Any CPU.Build.0 = Release|Any CPU
	EndGlobalSection
	GlobalSection(SolutionProperties) = preSolution
		HideSolutionNode = FALSE
	EndGlobalSection
	GlobalSection(ExtensibilityGlobals) = postSolution
		SolutionGuid = {912D3548-D872-4BBA-BDD7-7E19D992739B}
	EndGlobalSection
EndGlobal
